
Microsoft Visual Studio Solution File, Format Version 12.00
# Visual Studio Version 17
VisualStudioVersion = 17.11.35222.181
MinimumVisualStudioVersion = 10.0.40219.1
Project("{FAE04EC0-301F-11D3-BF4B-00C04F79EFBC}") = "Лаб11 (пробна)", "Лаб11 (пробна)\Лаб11 (пробна).csproj", "{96B46E33-BCBC-44E6-B04F-0F2FB420C490}"
EndProject
Global
	GlobalSection(SolutionConfigurationPlatforms) = preSolution
		Debug|Any CPU = Debug|Any CPU
		Release|Any CPU = Release|Any CPU
	EndGlobalSection
	GlobalSection(ProjectConfigurationPlatforms) = postSolution
		{96B46E33-BCBC-44E6-B04F-0F2FB420C490}.Debug|Any CPU.ActiveCfg = Debug|Any CPU
		{96B46E33-BCBC-44E6-B04F-0F2FB420C490}.Debug|Any CPU.Build.0 = Debug|Any CPU
		{96B46E33-BCBC-44E6-B04F-0F2FB420C490}.Release|Any CPU.ActiveCfg = Release|Any CPU
		{96B46E33-BCBC-44E6-B04F-0F2FB420C490}.Release|Any CPU.Build.0 = Release|Any CPU
	EndGlobalSection
	GlobalSection(SolutionProperties) = preSolution
		HideSolutionNode = FALSE
	EndGlobalSection
	GlobalSection(ExtensibilityGlobals) = postSolution
		SolutionGuid = {3E507FC8-FF53-4C74-A888-A47A9A2F14E0}
	EndGlobalSection
EndGlobal
